{
  "originHash" : "4e766abbb273cc20334bf5fbd1dbc1772d169cb913232c62e7331d7fc90f1f6d",
  "pins" : [
    {
      "identity" : "swift-argument-parser",
      "kind" : "remoteSourceControl",
      "location" : "https://github.com/apple/swift-argument-parser",
      "state" : {
        "revision" : "0fbc8848e389af3bb55c182bc19ca9d5dc2f255b",
        "version" : "1.4.0"
      }
    },
    {
      "identity" : "swift-custom-dump",
      "kind" : "remoteSourceControl",
      "location" : "https://github.com/pointfreeco/swift-custom-dump",
      "state" : {
        "revision" : "f01efb26f3a192a0e88dcdb7c3c391ec2fc25d9c",
        "version" : "1.3.0"
      }
    },
    {
      "identity" : "swiftlintplugin",
      "kind" : "remoteSourceControl",
      "location" : "https://github.com/lukepistrol/SwiftLintPlugin",
      "state" : {
        "revision" : "a0f7b12c7be228592d924f29f654ebbd924ac9c5",
        "version" : "0.55.1"
      }
    },
    {
      "identity" : "xctest-dynamic-overlay",
      "kind" : "remoteSourceControl",
      "location" : "https://github.com/pointfreeco/xctest-dynamic-overlay",
      "state" : {
        "revision" : "6f30bdba373bbd7fbfe241dddd732651f2fbd1e2",
        "version" : "1.1.2"
      }
    }
  ],
  "version" : 3
}
